// !$*UTF8*$!
{
	archiveVersion = 1;
	classes = {
	};
	objectVersion = 46;
	objects = {

/* Begin PBXBuildFile section */
		155BBCA519E9CB6700BACB13 /* Branches.h in Headers */ = {isa = PBXBuildFile; fileRef = 155BBCA319E9CB6700BACB13 /* Branches.h */; };
		155BBCA619E9CB6700BACB13 /* Branches.m in Sources */ = {isa = PBXBuildFile; fileRef = 155BBCA419E9CB6700BACB13 /* Branches.m */; };
		155BBCA819E9CCC500BACB13 /* BranchesTests.m in Sources */ = {isa = PBXBuildFile; fileRef = 155BBCA719E9CCC500BACB13 /* BranchesTests.m */; };
		155D8AFE19FED984004666BA /* Empty.h in Headers */ = {isa = PBXBuildFile; fileRef = 155D8AFC19FED984004666BA /* Empty.h */; };
		155D8AFF19FED984004666BA /* Empty.m in Sources */ = {isa = PBXBuildFile; fileRef = 155D8AFD19FED984004666BA /* Empty.m */; };
		3773307C1CC42A58005EAF65 /* fixturesTwo.h in Headers */ = {isa = PBXBuildFile; fileRef = 3773307B1CC42A58005EAF65 /* fixturesTwo.h */; };
		3773307E1CC42A58005EAF65 /* fixturesTwo.m in Sources */ = {isa = PBXBuildFile; fileRef = 3773307D1CC42A58005EAF65 /* fixturesTwo.m */; };
		377330821CC42ABF005EAF65 /* libfixturesTwo.dylib in Frameworks */ = {isa = PBXBuildFile; fileRef = 377330791CC42A58005EAF65 /* libfixturesTwo.dylib */; };
		8C0F0B401ACF43A300793B7D /* fixtures_m.h in Headers */ = {isa = PBXBuildFile; fileRef = 8C0F0B3E1ACF43A300793B7D /* fixtures_m.h */; };
		8C0F0B411ACF43A300793B7D /* fixtures_m.m in Sources */ = {isa = PBXBuildFile; fileRef = 8C0F0B3F1ACF43A300793B7D /* fixtures_m.m */; };
		8C0F0B441ACF44E000793B7D /* fixtures_cpp.cpp in Sources */ = {isa = PBXBuildFile; fileRef = 8C0F0B421ACF44E000793B7D /* fixtures_cpp.cpp */; };
		8C0F0B451ACF44E000793B7D /* fixtures_cpp.h in Headers */ = {isa = PBXBuildFile; fileRef = 8C0F0B431ACF44E000793B7D /* fixtures_cpp.h */; };
		8C0F0B481ACF44F200793B7D /* fixtures_mm.h in Headers */ = {isa = PBXBuildFile; fileRef = 8C0F0B461ACF44F200793B7D /* fixtures_mm.h */; };
		8C0F0B491ACF44F200793B7D /* fixtures_mm.mm in Sources */ = {isa = PBXBuildFile; fileRef = 8C0F0B471ACF44F200793B7D /* fixtures_mm.mm */; };
		8C52AEF7195AAE32008A882A /* peekaview.h in Headers */ = {isa = PBXBuildFile; fileRef = 8C52AEF5195AAE32008A882A /* peekaview.h */; };
		8C52AEF8195AAE33008A882A /* peekaview.m in Sources */ = {isa = PBXBuildFile; fileRef = 8C52AEF6195AAE32008A882A /* peekaview.m */; };
		8C52AEFA195AAE70008A882A /* peekaviewTests.m in Sources */ = {isa = PBXBuildFile; fileRef = 8C52AEF9195AAE70008A882A /* peekaviewTests.m */; };
		8C9A2031195965F10013B6B3 /* Cocoa.framework in Frameworks */ = {isa = PBXBuildFile; fileRef = 8C9A2030195965F10013B6B3 /* Cocoa.framework */; };
		8C9A203B195965F10013B6B3 /* fixtures.m in Sources */ = {isa = PBXBuildFile; fileRef = 8C9A203A195965F10013B6B3 /* fixtures.m */; };
		8C9A2043195965F10013B6B3 /* Cocoa.framework in Frameworks */ = {isa = PBXBuildFile; fileRef = 8C9A2030195965F10013B6B3 /* Cocoa.framework */; };
		8C9A2046195965F10013B6B3 /* libfixtures.a in Frameworks */ = {isa = PBXBuildFile; fileRef = 8C9A202D195965F10013B6B3 /* libfixtures.a */; };
		8C9A204C195965F10013B6B3 /* InfoPlist.strings in Resources */ = {isa = PBXBuildFile; fileRef = 8C9A204A195965F10013B6B3 /* InfoPlist.strings */; };
		8C9A204E195965F10013B6B3 /* fixturesTests.m in Sources */ = {isa = PBXBuildFile; fileRef = 8C9A204D195965F10013B6B3 /* fixturesTests.m */; };
/* End PBXBuildFile section */

/* Begin PBXContainerItemProxy section */
		8C9A2044195965F10013B6B3 /* PBXContainerItemProxy */ = {
			isa = PBXContainerItemProxy;
			containerPortal = 8C9A2025195965F00013B6B3 /* Project object */;
			proxyType = 1;
			remoteGlobalIDString = 8C9A202C195965F10013B6B3;
			remoteInfo = fixtures;
		};
/* End PBXContainerItemProxy section */

/* Begin PBXFileReference section */
		155BBCA319E9CB6700BACB13 /* Branches.h */ = {isa = PBXFileReference; fileEncoding = 4; lastKnownFileType = sourcecode.c.h; path = Branches.h; sourceTree = "<group>"; };
		155BBCA419E9CB6700BACB13 /* Branches.m */ = {isa = PBXFileReference; fileEncoding = 4; lastKnownFileType = sourcecode.c.objc; path = Branches.m; sourceTree = "<group>"; };
		155BBCA719E9CCC500BACB13 /* BranchesTests.m */ = {isa = PBXFileReference; fileEncoding = 4; lastKnownFileType = sourcecode.c.objc; path = BranchesTests.m; sourceTree = "<group>"; };
		155D8AFC19FED984004666BA /* Empty.h */ = {isa = PBXFileReference; fileEncoding = 4; lastKnownFileType = sourcecode.c.h; path = Empty.h; sourceTree = "<group>"; };
		155D8AFD19FED984004666BA /* Empty.m */ = {isa = PBXFileReference; fileEncoding = 4; lastKnownFileType = sourcecode.c.objc; path = Empty.m; sourceTree = "<group>"; };
		377330791CC42A58005EAF65 /* libfixturesTwo.dylib */ = {isa = PBXFileReference; explicitFileType = "compiled.mach-o.dylib"; includeInIndex = 0; path = libfixturesTwo.dylib; sourceTree = BUILT_PRODUCTS_DIR; };
		3773307B1CC42A58005EAF65 /* fixturesTwo.h */ = {isa = PBXFileReference; lastKnownFileType = sourcecode.c.h; path = fixturesTwo.h; sourceTree = "<group>"; };
		3773307D1CC42A58005EAF65 /* fixturesTwo.m */ = {isa = PBXFileReference; lastKnownFileType = sourcecode.c.objc; path = fixturesTwo.m; sourceTree = "<group>"; };
		8C0F0B3E1ACF43A300793B7D /* fixtures_m.h */ = {isa = PBXFileReference; fileEncoding = 4; lastKnownFileType = sourcecode.c.h; path = fixtures_m.h; sourceTree = "<group>"; };
		8C0F0B3F1ACF43A300793B7D /* fixtures_m.m */ = {isa = PBXFileReference; fileEncoding = 4; lastKnownFileType = sourcecode.c.objc; path = fixtures_m.m; sourceTree = "<group>"; };
		8C0F0B421ACF44E000793B7D /* fixtures_cpp.cpp */ = {isa = PBXFileReference; fileEncoding = 4; lastKnownFileType = sourcecode.cpp.cpp; path = fixtures_cpp.cpp; sourceTree = "<group>"; };
		8C0F0B431ACF44E000793B7D /* fixtures_cpp.h */ = {isa = PBXFileReference; fileEncoding = 4; lastKnownFileType = sourcecode.c.h; path = fixtures_cpp.h; sourceTree = "<group>"; };
		8C0F0B461ACF44F200793B7D /* fixtures_mm.h */ = {isa = PBXFileReference; fileEncoding = 4; lastKnownFileType = sourcecode.c.h; path = fixtures_mm.h; sourceTree = "<group>"; };
		8C0F0B471ACF44F200793B7D /* fixtures_mm.mm */ = {isa = PBXFileReference; fileEncoding = 4; lastKnownFileType = sourcecode.cpp.objcpp; path = fixtures_mm.mm; sourceTree = "<group>"; };
		8C52AEF5195AAE32008A882A /* peekaview.h */ = {isa = PBXFileReference; fileEncoding = 4; lastKnownFileType = sourcecode.c.h; path = peekaview.h; sourceTree = "<group>"; };
		8C52AEF6195AAE32008A882A /* peekaview.m */ = {isa = PBXFileReference; fileEncoding = 4; lastKnownFileType = sourcecode.c.objc; path = peekaview.m; sourceTree = "<group>"; };
		8C52AEF9195AAE70008A882A /* peekaviewTests.m */ = {isa = PBXFileReference; fileEncoding = 4; lastKnownFileType = sourcecode.c.objc; path = peekaviewTests.m; sourceTree = "<group>"; };
		8C9A202D195965F10013B6B3 /* libfixtures.a */ = {isa = PBXFileReference; explicitFileType = archive.ar; includeInIndex = 0; path = libfixtures.a; sourceTree = BUILT_PRODUCTS_DIR; };
		8C9A2030195965F10013B6B3 /* Cocoa.framework */ = {isa = PBXFileReference; lastKnownFileType = wrapper.framework; name = Cocoa.framework; path = System/Library/Frameworks/Cocoa.framework; sourceTree = SDKROOT; };
		8C9A2033195965F10013B6B3 /* Foundation.framework */ = {isa = PBXFileReference; lastKnownFileType = wrapper.framework; name = Foundation.framework; path = System/Library/Frameworks/Foundation.framework; sourceTree = SDKROOT; };
		8C9A2034195965F10013B6B3 /* CoreData.framework */ = {isa = PBXFileReference; lastKnownFileType = wrapper.framework; name = CoreData.framework; path = System/Library/Frameworks/CoreData.framework; sourceTree = SDKROOT; };
		8C9A2035195965F10013B6B3 /* AppKit.framework */ = {isa = PBXFileReference; lastKnownFileType = wrapper.framework; name = AppKit.framework; path = System/Library/Frameworks/AppKit.framework; sourceTree = SDKROOT; };
		8C9A2038195965F10013B6B3 /* fixtures-Prefix.pch */ = {isa = PBXFileReference; lastKnownFileType = sourcecode.c.h; path = "fixtures-Prefix.pch"; sourceTree = "<group>"; };
		8C9A2039195965F10013B6B3 /* fixtures.h */ = {isa = PBXFileReference; lastKnownFileType = sourcecode.c.h; path = fixtures.h; sourceTree = "<group>"; };
		8C9A203A195965F10013B6B3 /* fixtures.m */ = {isa = PBXFileReference; lastKnownFileType = sourcecode.c.objc; path = fixtures.m; sourceTree = "<group>"; };
		8C9A2040195965F10013B6B3 /* fixturesTests.xctest */ = {isa = PBXFileReference; explicitFileType = wrapper.cfbundle; includeInIndex = 0; path = fixturesTests.xctest; sourceTree = BUILT_PRODUCTS_DIR; };
		8C9A2049195965F10013B6B3 /* fixturesTests-Info.plist */ = {isa = PBXFileReference; lastKnownFileType = text.plist.xml; path = "fixturesTests-Info.plist"; sourceTree = "<group>"; };
		8C9A204B195965F10013B6B3 /* en */ = {isa = PBXFileReference; lastKnownFileType = text.plist.strings; name = en; path = en.lproj/InfoPlist.strings; sourceTree = "<group>"; };
		8C9A204D195965F10013B6B3 /* fixturesTests.m */ = {isa = PBXFileReference; lastKnownFileType = sourcecode.c.objc; path = fixturesTests.m; sourceTree = "<group>"; };
/* End PBXFileReference section */

/* Begin PBXFrameworksBuildPhase section */
		377330761CC42A58005EAF65 /* Frameworks */ = {
			isa = PBXFrameworksBuildPhase;
			buildActionMask = 2147483647;
			files = (
			);
			runOnlyForDeploymentPostprocessing = 0;
		};
		8C9A202A195965F10013B6B3 /* Frameworks */ = {
			isa = PBXFrameworksBuildPhase;
			buildActionMask = 2147483647;
			files = (
				8C9A2031195965F10013B6B3 /* Cocoa.framework in Frameworks */,
			);
			runOnlyForDeploymentPostprocessing = 0;
		};
		8C9A203D195965F10013B6B3 /* Frameworks */ = {
			isa = PBXFrameworksBuildPhase;
			buildActionMask = 2147483647;
			files = (
				8C9A2046195965F10013B6B3 /* libfixtures.a in Frameworks */,
				377330821CC42ABF005EAF65 /* libfixturesTwo.dylib in Frameworks */,
				8C9A2043195965F10013B6B3 /* Cocoa.framework in Frameworks */,
			);
			runOnlyForDeploymentPostprocessing = 0;
		};
/* End PBXFrameworksBuildPhase section */

/* Begin PBXGroup section */
		3773307A1CC42A58005EAF65 /* fixturesTwo */ = {
			isa = PBXGroup;
			children = (
				3773307B1CC42A58005EAF65 /* fixturesTwo.h */,
				3773307D1CC42A58005EAF65 /* fixturesTwo.m */,
			);
			path = fixturesTwo;
			sourceTree = "<group>";
		};
		8C52AEF4195AAE16008A882A /* more_files */ = {
			isa = PBXGroup;
			children = (
				8C52AEF5195AAE32008A882A /* peekaview.h */,
				8C52AEF6195AAE32008A882A /* peekaview.m */,
				155BBCA319E9CB6700BACB13 /* Branches.h */,
				155BBCA419E9CB6700BACB13 /* Branches.m */,
				155D8AFC19FED984004666BA /* Empty.h */,
				155D8AFD19FED984004666BA /* Empty.m */,
			);
			path = more_files;
			sourceTree = "<group>";
		};
		8C9A2024195965F00013B6B3 = {
			isa = PBXGroup;
			children = (
				8C9A2036195965F10013B6B3 /* fixtures */,
				3773307A1CC42A58005EAF65 /* fixturesTwo */,
				8C9A2047195965F10013B6B3 /* fixturesTests */,
				8C9A202F195965F10013B6B3 /* Frameworks */,
				8C9A202E195965F10013B6B3 /* Products */,
			);
			sourceTree = "<group>";
		};
		8C9A202E195965F10013B6B3 /* Products */ = {
			isa = PBXGroup;
			children = (
				8C9A202D195965F10013B6B3 /* libfixtures.a */,
				8C9A2040195965F10013B6B3 /* fixturesTests.xctest */,
				377330791CC42A58005EAF65 /* libfixturesTwo.dylib */,
			);
			name = Products;
			sourceTree = "<group>";
		};
		8C9A202F195965F10013B6B3 /* Frameworks */ = {
			isa = PBXGroup;
			children = (
				8C9A2030195965F10013B6B3 /* Cocoa.framework */,
				8C9A2032195965F10013B6B3 /* Other Frameworks */,
			);
			name = Frameworks;
			sourceTree = "<group>";
		};
		8C9A2032195965F10013B6B3 /* Other Frameworks */ = {
			isa = PBXGroup;
			children = (
				8C9A2033195965F10013B6B3 /* Foundation.framework */,
				8C9A2034195965F10013B6B3 /* CoreData.framework */,
				8C9A2035195965F10013B6B3 /* AppKit.framework */,
			);
			name = "Other Frameworks";
			sourceTree = "<group>";
		};
		8C9A2036195965F10013B6B3 /* fixtures */ = {
			isa = PBXGroup;
			children = (
				8C52AEF4195AAE16008A882A /* more_files */,
				8C9A2039195965F10013B6B3 /* fixtures.h */,
				8C9A203A195965F10013B6B3 /* fixtures.m */,
				8C0F0B3E1ACF43A300793B7D /* fixtures_m.h */,
				8C0F0B3F1ACF43A300793B7D /* fixtures_m.m */,
				8C9A2037195965F10013B6B3 /* Supporting Files */,
				8C0F0B421ACF44E000793B7D /* fixtures_cpp.cpp */,
				8C0F0B431ACF44E000793B7D /* fixtures_cpp.h */,
				8C0F0B461ACF44F200793B7D /* fixtures_mm.h */,
				8C0F0B471ACF44F200793B7D /* fixtures_mm.mm */,
			);
			path = fixtures;
			sourceTree = "<group>";
		};
		8C9A2037195965F10013B6B3 /* Supporting Files */ = {
			isa = PBXGroup;
			children = (
				8C9A2038195965F10013B6B3 /* fixtures-Prefix.pch */,
			);
			path = "Supporting Files";
			sourceTree = "<group>";
		};
		8C9A2047195965F10013B6B3 /* fixturesTests */ = {
			isa = PBXGroup;
			children = (
				8C9A204D195965F10013B6B3 /* fixturesTests.m */,
				8C9A2048195965F10013B6B3 /* Supporting Files */,
				8C52AEF9195AAE70008A882A /* peekaviewTests.m */,
				155BBCA719E9CCC500BACB13 /* BranchesTests.m */,
			);
			path = fixturesTests;
			sourceTree = "<group>";
		};
		8C9A2048195965F10013B6B3 /* Supporting Files */ = {
			isa = PBXGroup;
			children = (
				8C9A2049195965F10013B6B3 /* fixturesTests-Info.plist */,
				8C9A204A195965F10013B6B3 /* InfoPlist.strings */,
			);
			path = "Supporting Files";
			sourceTree = "<group>";
		};
/* End PBXGroup section */

/* Begin PBXHeadersBuildPhase section */
		377330771CC42A58005EAF65 /* Headers */ = {
			isa = PBXHeadersBuildPhase;
			buildActionMask = 2147483647;
			files = (
				3773307C1CC42A58005EAF65 /* fixturesTwo.h in Headers */,
			);
			runOnlyForDeploymentPostprocessing = 0;
		};
		8C9A202B195965F10013B6B3 /* Headers */ = {
			isa = PBXHeadersBuildPhase;
			buildActionMask = 2147483647;
			files = (
				8C0F0B481ACF44F200793B7D /* fixtures_mm.h in Headers */,
				8C0F0B401ACF43A300793B7D /* fixtures_m.h in Headers */,
				155D8AFE19FED984004666BA /* Empty.h in Headers */,
				155BBCA519E9CB6700BACB13 /* Branches.h in Headers */,
				8C0F0B451ACF44E000793B7D /* fixtures_cpp.h in Headers */,
				8C52AEF7195AAE32008A882A /* peekaview.h in Headers */,
			);
			runOnlyForDeploymentPostprocessing = 0;
		};
/* End PBXHeadersBuildPhase section */

/* Begin PBXNativeTarget section */
		377330781CC42A58005EAF65 /* fixturesTwo */ = {
			isa = PBXNativeTarget;
			buildConfigurationList = 3773307F1CC42A58005EAF65 /* Build configuration list for PBXNativeTarget "fixturesTwo" */;
			buildPhases = (
				377330751CC42A58005EAF65 /* Sources */,
				377330761CC42A58005EAF65 /* Frameworks */,
				377330771CC42A58005EAF65 /* Headers */,
			);
			buildRules = (
			);
			dependencies = (
			);
			name = fixturesTwo;
			productName = fixturesTwo;
			productReference = 377330791CC42A58005EAF65 /* libfixturesTwo.dylib */;
			productType = "com.apple.product-type.library.dynamic";
		};
		8C9A202C195965F10013B6B3 /* fixtures */ = {
			isa = PBXNativeTarget;
			buildConfigurationList = 8C9A2051195965F10013B6B3 /* Build configuration list for PBXNativeTarget "fixtures" */;
			buildPhases = (
				8C9A2029195965F10013B6B3 /* Sources */,
				8C9A202A195965F10013B6B3 /* Frameworks */,
				8C9A202B195965F10013B6B3 /* Headers */,
			);
			buildRules = (
			);
			dependencies = (
			);
			name = fixtures;
			productName = fixtures;
			productReference = 8C9A202D195965F10013B6B3 /* libfixtures.a */;
			productType = "com.apple.product-type.library.static";
		};
		8C9A203F195965F10013B6B3 /* fixturesTests */ = {
			isa = PBXNativeTarget;
			buildConfigurationList = 8C9A2054195965F10013B6B3 /* Build configuration list for PBXNativeTarget "fixturesTests" */;
			buildPhases = (
				8C9A203C195965F10013B6B3 /* Sources */,
				8C9A203D195965F10013B6B3 /* Frameworks */,
				8C9A203E195965F10013B6B3 /* Resources */,
			);
			buildRules = (
			);
			dependencies = (
				8C9A2045195965F10013B6B3 /* PBXTargetDependency */,
			);
			name = fixturesTests;
			productName = fixturesTests;
			productReference = 8C9A2040195965F10013B6B3 /* fixturesTests.xctest */;
			productType = "com.apple.product-type.bundle.unit-test";
		};
/* End PBXNativeTarget section */

/* Begin PBXProject section */
		8C9A2025195965F00013B6B3 /* Project object */ = {
			isa = PBXProject;
			attributes = {
				LastUpgradeCheck = 0510;
				ORGANIZATIONNAME = marklarr;
				TargetAttributes = {
					377330781CC42A58005EAF65 = {
						CreatedOnToolsVersion = 7.3;
					};
				};
			};
			buildConfigurationList = 8C9A2028195965F00013B6B3 /* Build configuration list for PBXProject "fixtures" */;
			compatibilityVersion = "Xcode 3.2";
			developmentRegion = English;
			hasScannedForEncodings = 0;
			knownRegions = (
				en,
			);
			mainGroup = 8C9A2024195965F00013B6B3;
			productRefGroup = 8C9A202E195965F10013B6B3 /* Products */;
			projectDirPath = "";
			projectRoot = "";
			targets = (
				8C9A202C195965F10013B6B3 /* fixtures */,
				377330781CC42A58005EAF65 /* fixturesTwo */,
				8C9A203F195965F10013B6B3 /* fixturesTests */,
			);
		};
/* End PBXProject section */

/* Begin PBXResourcesBuildPhase section */
		8C9A203E195965F10013B6B3 /* Resources */ = {
			isa = PBXResourcesBuildPhase;
			buildActionMask = 2147483647;
			files = (
				8C9A204C195965F10013B6B3 /* InfoPlist.strings in Resources */,
			);
			runOnlyForDeploymentPostprocessing = 0;
		};
/* End PBXResourcesBuildPhase section */

/* Begin PBXSourcesBuildPhase section */
		377330751CC42A58005EAF65 /* Sources */ = {
			isa = PBXSourcesBuildPhase;
			buildActionMask = 2147483647;
			files = (
				3773307E1CC42A58005EAF65 /* fixturesTwo.m in Sources */,
			);
			runOnlyForDeploymentPostprocessing = 0;
		};
		8C9A2029195965F10013B6B3 /* Sources */ = {
			isa = PBXSourcesBuildPhase;
			buildActionMask = 2147483647;
			files = (
				8C9A203B195965F10013B6B3 /* fixtures.m in Sources */,
				155D8AFF19FED984004666BA /* Empty.m in Sources */,
				8C0F0B411ACF43A300793B7D /* fixtures_m.m in Sources */,
				8C0F0B441ACF44E000793B7D /* fixtures_cpp.cpp in Sources */,
				155BBCA619E9CB6700BACB13 /* Branches.m in Sources */,
				8C0F0B491ACF44F200793B7D /* fixtures_mm.mm in Sources */,
				8C52AEF8195AAE33008A882A /* peekaview.m in Sources */,
			);
			runOnlyForDeploymentPostprocessing = 0;
		};
		8C9A203C195965F10013B6B3 /* Sources */ = {
			isa = PBXSourcesBuildPhase;
			buildActionMask = 2147483647;
			files = (
				8C9A204E195965F10013B6B3 /* fixturesTests.m in Sources */,
				8C52AEFA195AAE70008A882A /* peekaviewTests.m in Sources */,
				155BBCA819E9CCC500BACB13 /* BranchesTests.m in Sources */,
			);
			runOnlyForDeploymentPostprocessing = 0;
		};
/* End PBXSourcesBuildPhase section */

/* Begin PBXTargetDependency section */
		8C9A2045195965F10013B6B3 /* PBXTargetDependency */ = {
			isa = PBXTargetDependency;
			target = 8C9A202C195965F10013B6B3 /* fixtures */;
			targetProxy = 8C9A2044195965F10013B6B3 /* PBXContainerItemProxy */;
		};
/* End PBXTargetDependency section */

/* Begin PBXVariantGroup section */
		8C9A204A195965F10013B6B3 /* InfoPlist.strings */ = {
			isa = PBXVariantGroup;
			children = (
				8C9A204B195965F10013B6B3 /* en */,
			);
			name = InfoPlist.strings;
			sourceTree = "<group>";
		};
/* End PBXVariantGroup section */

/* Begin XCBuildConfiguration section */
		377330801CC42A58005EAF65 /* Debug */ = {
			isa = XCBuildConfiguration;
			buildSettings = {
				CLANG_ANALYZER_NONNULL = YES;
				CLANG_WARN_UNREACHABLE_CODE = YES;
				DYLIB_COMPATIBILITY_VERSION = 1;
				DYLIB_CURRENT_VERSION = 1;
				ENABLE_STRICT_OBJC_MSGSEND = YES;
				ENABLE_TESTABILITY = YES;
				EXECUTABLE_PREFIX = lib;
				GCC_NO_COMMON_BLOCKS = YES;
				MTL_ENABLE_DEBUG_INFO = YES;
				PRODUCT_NAME = "$(TARGET_NAME)";
			};
			name = Debug;
		};
		377330811CC42A58005EAF65 /* Release */ = {
			isa = XCBuildConfiguration;
			buildSettings = {
				CLANG_ANALYZER_NONNULL = YES;
				CLANG_WARN_UNREACHABLE_CODE = YES;
				COPY_PHASE_STRIP = NO;
				DYLIB_COMPATIBILITY_VERSION = 1;
				DYLIB_CURRENT_VERSION = 1;
				ENABLE_STRICT_OBJC_MSGSEND = YES;
				EXECUTABLE_PREFIX = lib;
				GCC_NO_COMMON_BLOCKS = YES;
				MTL_ENABLE_DEBUG_INFO = NO;
				PRODUCT_NAME = "$(TARGET_NAME)";
			};
			name = Release;
		};
		8C9A204F195965F10013B6B3 /* Debug */ = {
			isa = XCBuildConfiguration;
			buildSettings = {
				ALWAYS_SEARCH_USER_PATHS = NO;
				CLANG_CXX_LANGUAGE_STANDARD = "gnu++0x";
				CLANG_CXX_LIBRARY = "libc++";
				CLANG_ENABLE_MODULES = YES;
				CLANG_ENABLE_OBJC_ARC = YES;
				CLANG_WARN_BOOL_CONVERSION = YES;
				CLANG_WARN_CONSTANT_CONVERSION = YES;
				CLANG_WARN_DIRECT_OBJC_ISA_USAGE = YES_ERROR;
				CLANG_WARN_EMPTY_BODY = YES;
				CLANG_WARN_ENUM_CONVERSION = YES;
				CLANG_WARN_INT_CONVERSION = YES;
				CLANG_WARN_OBJC_ROOT_CLASS = YES_ERROR;
				CLANG_WARN__DUPLICATE_METHOD_MATCH = YES;
				COPY_PHASE_STRIP = NO;
				DEBUG_INFORMATION_FORMAT = dwarf;
				GCC_C_LANGUAGE_STANDARD = gnu99;
				GCC_DYNAMIC_NO_PIC = NO;
				GCC_ENABLE_OBJC_EXCEPTIONS = YES;
				GCC_GENERATE_TEST_COVERAGE_FILES = YES;
				GCC_INSTRUMENT_PROGRAM_FLOW_ARCS = YES;
				GCC_OPTIMIZATION_LEVEL = 0;
				GCC_PREPROCESSOR_DEFINITIONS = (
					"DEBUG=1",
					"$(inherited)",
				);
				GCC_SYMBOLS_PRIVATE_EXTERN = NO;
				GCC_WARN_64_TO_32_BIT_CONVERSION = YES;
				GCC_WARN_ABOUT_RETURN_TYPE = YES_ERROR;
				GCC_WARN_UNDECLARED_SELECTOR = YES;
				GCC_WARN_UNINITIALIZED_AUTOS = YES_AGGRESSIVE;
				GCC_WARN_UNUSED_FUNCTION = YES;
				GCC_WARN_UNUSED_VARIABLE = YES;
				MACOSX_DEPLOYMENT_TARGET = 10.9;
				ONLY_ACTIVE_ARCH = YES;
				SDKROOT = macosx;
			};
			name = Debug;
		};
		8C9A2050195965F10013B6B3 /* Release */ = {
			isa = XCBuildConfiguration;
			buildSettings = {
				ALWAYS_SEARCH_USER_PATHS = NO;
				CLANG_CXX_LANGUAGE_STANDARD = "gnu++0x";
				CLANG_CXX_LIBRARY = "libc++";
				CLANG_ENABLE_MODULES = YES;
				CLANG_ENABLE_OBJC_ARC = YES;
				CLANG_WARN_BOOL_CONVERSION = YES;
				CLANG_WARN_CONSTANT_CONVERSION = YES;
				CLANG_WARN_DIRECT_OBJC_ISA_USAGE = YES_ERROR;
				CLANG_WARN_EMPTY_BODY = YES;
				CLANG_WARN_ENUM_CONVERSION = YES;
				CLANG_WARN_INT_CONVERSION = YES;
				CLANG_WARN_OBJC_ROOT_CLASS = YES_ERROR;
				CLANG_WARN__DUPLICATE_METHOD_MATCH = YES;
				COPY_PHASE_STRIP = YES;
				DEBUG_INFORMATION_FORMAT = "dwarf-with-dsym";
				ENABLE_NS_ASSERTIONS = NO;
				GCC_C_LANGUAGE_STANDARD = gnu99;
				GCC_ENABLE_OBJC_EXCEPTIONS = YES;
				GCC_GENERATE_TEST_COVERAGE_FILES = YES;
				GCC_INSTRUMENT_PROGRAM_FLOW_ARCS = YES;
				GCC_WARN_64_TO_32_BIT_CONVERSION = YES;
				GCC_WARN_ABOUT_RETURN_TYPE = YES_ERROR;
				GCC_WARN_UNDECLARED_SELECTOR = YES;
				GCC_WARN_UNINITIALIZED_AUTOS = YES_AGGRESSIVE;
				GCC_WARN_UNUSED_FUNCTION = YES;
				GCC_WARN_UNUSED_VARIABLE = YES;
				MACOSX_DEPLOYMENT_TARGET = 10.9;
				SDKROOT = macosx;
			};
			name = Release;
		};
		8C9A2052195965F10013B6B3 /* Debug */ = {
			isa = XCBuildConfiguration;
			buildSettings = {
				GCC_GENERATE_TEST_COVERAGE_FILES = YES;
				GCC_INSTRUMENT_PROGRAM_FLOW_ARCS = YES;
				GCC_PRECOMPILE_PREFIX_HEADER = YES;
				GCC_PREFIX_HEADER = "fixtures/Supporting Files/fixtures-Prefix.pch";
				PRODUCT_NAME = "$(TARGET_NAME)";
			};
			name = Debug;
		};
		8C9A2053195965F10013B6B3 /* Release */ = {
			isa = XCBuildConfiguration;
			buildSettings = {
				GCC_GENERATE_TEST_COVERAGE_FILES = YES;
				GCC_INSTRUMENT_PROGRAM_FLOW_ARCS = YES;
				GCC_PRECOMPILE_PREFIX_HEADER = YES;
				GCC_PREFIX_HEADER = "fixtures/Supporting Files/fixtures-Prefix.pch";
				PRODUCT_NAME = "$(TARGET_NAME)";
			};
			name = Release;
		};
		8C9A2055195965F10013B6B3 /* Debug */ = {
			isa = XCBuildConfiguration;
			buildSettings = {
				COMBINE_HIDPI_IMAGES = YES;
				FRAMEWORK_SEARCH_PATHS = (
					"$(DEVELOPER_FRAMEWORKS_DIR)",
					"$(inherited)",
				);
				GCC_PRECOMPILE_PREFIX_HEADER = YES;
				GCC_PREFIX_HEADER = "fixtures/Supporting Files/fixtures-Prefix.pch";
				GCC_PREPROCESSOR_DEFINITIONS = (
					"DEBUG=1",
					"$(inherited)",
				);
				INFOPLIST_FILE = "fixturesTests/Supporting Files/fixturesTests-Info.plist";
				PRODUCT_NAME = "$(TARGET_NAME)";
				WRAPPER_EXTENSION = xctest;
			};
			name = Debug;
		};
		8C9A2056195965F10013B6B3 /* Release */ = {
			isa = XCBuildConfiguration;
			buildSettings = {
				COMBINE_HIDPI_IMAGES = YES;
				FRAMEWORK_SEARCH_PATHS = (
					"$(DEVELOPER_FRAMEWORKS_DIR)",
					"$(inherited)",
				);
				GCC_PRECOMPILE_PREFIX_HEADER = YES;
				GCC_PREFIX_HEADER = "fixtures/Supporting Files/fixtures-Prefix.pch";
				INFOPLIST_FILE = "fixturesTests/Supporting Files/fixturesTests-Info.plist";
				PRODUCT_NAME = "$(TARGET_NAME)";
				WRAPPER_EXTENSION = xctest;
			};
			name = Release;
		};
/* End XCBuildConfiguration section */

/* Begin XCConfigurationList section */
		3773307F1CC42A58005EAF65 /* Build configuration list for PBXNativeTarget "fixturesTwo" */ = {
			isa = XCConfigurationList;
			buildConfigurations = (
				377330801CC42A58005EAF65 /* Debug */,
				377330811CC42A58005EAF65 /* Release */,
			);
			defaultConfigurationIsVisible = 0;
			defaultConfigurationName = Release;
		};
		8C9A2028195965F00013B6B3 /* Build configuration list for PBXProject "fixtures" */ = {
			isa = XCConfigurationList;
			buildConfigurations = (
				8C9A204F195965F10013B6B3 /* Debug */,
				8C9A2050195965F10013B6B3 /* Release */,
			);
			defaultConfigurationIsVisible = 0;
			defaultConfigurationName = Release;
		};
		8C9A2051195965F10013B6B3 /* Build configuration list for PBXNativeTarget "fixtures" */ = {
			isa = XCConfigurationList;
			buildConfigurations = (
				8C9A2052195965F10013B6B3 /* Debug */,
				8C9A2053195965F10013B6B3 /* Release */,
			);
			defaultConfigurationIsVisible = 0;
			defaultConfigurationName = Release;
		};
		8C9A2054195965F10013B6B3 /* Build configuration list for PBXNativeTarget "fixturesTests" */ = {
			isa = XCConfigurationList;
			buildConfigurations = (
				8C9A2055195965F10013B6B3 /* Debug */,
				8C9A2056195965F10013B6B3 /* Release */,
			);
			defaultConfigurationIsVisible = 0;
			defaultConfigurationName = Release;
		};
/* End XCConfigurationList section */
	};
	rootObject = 8C9A2025195965F00013B6B3 /* Project object */;
}
